
Microsoft Visual Studio Solution File, Format Version 12.00
# Visual Studio Version 16
VisualStudioVersion = 16.0.29006.145
MinimumVisualStudioVersion = 10.0.40219.1
Project("{9A19103F-16F7-4668-BE54-9A1E7A4F7556}") = "ConsultaMovimientoUnitario", "ConsultaMovimientoUnitario.csproj", "{B1352915-D50E-4D45-A381-6079CE593FFB}"
EndProject
Project("{FAE04EC0-301F-11D3-BF4B-00C04F79EFBC}") = "ConsultaMovimientoUnitario.Test", "..\ConsultaMovimientoUnitario.Test\ConsultaMovimientoUnitario.Test.csproj", "{DD7A58CD-8966-4385-82B5-E58E75CC69AA}"
EndProject
Global
	GlobalSection(SolutionConfigurationPlatforms) = preSolution
		Debug|Any CPU = Debug|Any CPU
		Release|Any CPU = Release|Any CPU
	EndGlobalSection
	GlobalSection(ProjectConfigurationPlatforms) = postSolution
		{B1352915-D50E-4D45-A381-6079CE593FFB}.Debug|Any CPU.ActiveCfg = Debug|Any CPU
		{B1352915-D50E-4D45-A381-6079CE593FFB}.Debug|Any CPU.Build.0 = Debug|Any CPU
		{B1352915-D50E-4D45-A381-6079CE593FFB}.Release|Any CPU.ActiveCfg = Release|Any CPU
		{B1352915-D50E-4D45-A381-6079CE593FFB}.Release|Any CPU.Build.0 = Release|Any CPU
		{DD7A58CD-8966-4385-82B5-E58E75CC69AA}.Debug|Any CPU.ActiveCfg = Debug|Any CPU
		{DD7A58CD-8966-4385-82B5-E58E75CC69AA}.Debug|Any CPU.Build.0 = Debug|Any CPU
		{DD7A58CD-8966-4385-82B5-E58E75CC69AA}.Release|Any CPU.ActiveCfg = Release|Any CPU
		{DD7A58CD-8966-4385-82B5-E58E75CC69AA}.Release|Any CPU.Build.0 = Release|Any CPU
	EndGlobalSection
	GlobalSection(SolutionProperties) = preSolution
		HideSolutionNode = FALSE
	EndGlobalSection
	GlobalSection(ExtensibilityGlobals) = postSolution
		SolutionGuid = {046CC1A8-5949-4D9F-8A24-59B208271816}
	EndGlobalSection
EndGlobal
