
Microsoft Visual Studio Solution File, Format Version 12.00
# Visual Studio 15
VisualStudioVersion = 15.0.27703.2042
MinimumVisualStudioVersion = 10.0.40219.1
Project("{FAE04EC0-301F-11D3-BF4B-00C04F79EFBC}") = "GastosTracker.Web", "GastosTracker.Web\GastosTracker.Web.csproj", "{0174AD66-8530-4F15-A203-D5E6E25CA089}"
EndProject
Project("{FAE04EC0-301F-11D3-BF4B-00C04F79EFBC}") = "GastosTracker.Web.Tests", "GastosTracker.Web.Tests\GastosTracker.Web.Tests.csproj", "{33E916C4-0F29-4455-9E22-7EBEB37FC311}"
EndProject
Global
	GlobalSection(SolutionConfigurationPlatforms) = preSolution
		Debug|Any CPU = Debug|Any CPU
		Release|Any CPU = Release|Any CPU
	EndGlobalSection
	GlobalSection(ProjectConfigurationPlatforms) = postSolution
		{0174AD66-8530-4F15-A203-D5E6E25CA089}.Debug|Any CPU.ActiveCfg = Debug|Any CPU
		{0174AD66-8530-4F15-A203-D5E6E25CA089}.Debug|Any CPU.Build.0 = Debug|Any CPU
		{0174AD66-8530-4F15-A203-D5E6E25CA089}.Release|Any CPU.ActiveCfg = Release|Any CPU
		{0174AD66-8530-4F15-A203-D5E6E25CA089}.Release|Any CPU.Build.0 = Release|Any CPU
		{33E916C4-0F29-4455-9E22-7EBEB37FC311}.Debug|Any CPU.ActiveCfg = Debug|Any CPU
		{33E916C4-0F29-4455-9E22-7EBEB37FC311}.Debug|Any CPU.Build.0 = Debug|Any CPU
		{33E916C4-0F29-4455-9E22-7EBEB37FC311}.Release|Any CPU.ActiveCfg = Release|Any CPU
		{33E916C4-0F29-4455-9E22-7EBEB37FC311}.Release|Any CPU.Build.0 = Release|Any CPU
	EndGlobalSection
	GlobalSection(SolutionProperties) = preSolution
		HideSolutionNode = FALSE
	EndGlobalSection
	GlobalSection(ExtensibilityGlobals) = postSolution
		SolutionGuid = {4AFD1FEE-6B2C-44E3-B651-38AD4A0FF7E7}
	EndGlobalSection
	GlobalSection(TeamFoundationVersionControl) = preSolution
		SccNumberOfProjects = 3
		SccEnterpriseProvider = {4CA58AB2-18FA-4F8D-95D4-32DDF27D184C}
		SccTeamFoundationServer = https://lolverac.visualstudio.com/
		SccLocalPath0 = .
		SccProjectUniqueName1 = GastosTracker.Web.Tests\\GastosTracker.Web.Tests.csproj
		SccProjectName1 = GastosTracker.Web.Tests
		SccLocalPath1 = GastosTracker.Web.Tests
		SccProjectUniqueName2 = GastosTracker.Web\\GastosTracker.Web.csproj
		SccProjectName2 = GastosTracker.Web
		SccLocalPath2 = GastosTracker.Web
	EndGlobalSection
EndGlobal
